// !$*UTF8*$!
{
	archiveVersion = 1;
	classes = {
	};
	objectVersion = 55;
	objects = {

/* Begin PBXBuildFile section */
		034F73EF29C71E5D00CFD4E9 /* Support_iOSApp.swift in Sources */ = {isa = PBXBuildFile; fileRef = 034F73EE29C71E5D00CFD4E9 /* Support_iOSApp.swift */; };
		034F73F129C71E5D00CFD4E9 /* ContentView.swift in Sources */ = {isa = PBXBuildFile; fileRef = 034F73F029C71E5D00CFD4E9 /* ContentView.swift */; };
		034F73F329C71E5E00CFD4E9 /* Assets.xcassets in Resources */ = {isa = PBXBuildFile; fileRef = 034F73F229C71E5E00CFD4E9 /* Assets.xcassets */; };
		034F73F629C71E5E00CFD4E9 /* Preview Assets.xcassets in Resources */ = {isa = PBXBuildFile; fileRef = 034F73F529C71E5E00CFD4E9 /* Preview Assets.xcassets */; };
		034F740029C71E5E00CFD4E9 /* Support_iOSTests.swift in Sources */ = {isa = PBXBuildFile; fileRef = 034F73FF29C71E5E00CFD4E9 /* Support_iOSTests.swift */; };
		034F740A29C71E5E00CFD4E9 /* Support_iOSUITests.swift in Sources */ = {isa = PBXBuildFile; fileRef = 034F740929C71E5E00CFD4E9 /* Support_iOSUITests.swift */; };
		034F740C29C71E5E00CFD4E9 /* Support_iOSUITestsLaunchTests.swift in Sources */ = {isa = PBXBuildFile; fileRef = 034F740B29C71E5E00CFD4E9 /* Support_iOSUITestsLaunchTests.swift */; };
		034F741C29C726AC00CFD4E9 /* BranchSDK in Frameworks */ = {isa = PBXBuildFile; productRef = 034F741B29C726AC00CFD4E9 /* BranchSDK */; };
		034F741F29C7272F00CFD4E9 /* iAd.framework in Frameworks */ = {isa = PBXBuildFile; fileRef = 034F741E29C7272F00CFD4E9 /* iAd.framework */; };
		034F742129C7273800CFD4E9 /* WebKit.framework in Frameworks */ = {isa = PBXBuildFile; fileRef = 034F742029C7273800CFD4E9 /* WebKit.framework */; };
		034F742329C7274000CFD4E9 /* CoreTelephony.framework in Frameworks */ = {isa = PBXBuildFile; fileRef = 034F742229C7274000CFD4E9 /* CoreTelephony.framework */; };
		034F742529C7274C00CFD4E9 /* CoreSpotlight.framework in Frameworks */ = {isa = PBXBuildFile; fileRef = 034F742429C7274C00CFD4E9 /* CoreSpotlight.framework */; };
		034F742729C7275400CFD4E9 /* SystemConfiguration.framework in Frameworks */ = {isa = PBXBuildFile; fileRef = 034F742629C7275400CFD4E9 /* SystemConfiguration.framework */; };
		034F742929C7275C00CFD4E9 /* CoreServices.framework in Frameworks */ = {isa = PBXBuildFile; fileRef = 034F742829C7275C00CFD4E9 /* CoreServices.framework */; };
		034F742B29C7276400CFD4E9 /* AdSupport.framework in Frameworks */ = {isa = PBXBuildFile; fileRef = 034F742A29C7276400CFD4E9 /* AdSupport.framework */; };
		034F742D29C7276900CFD4E9 /* AdServices.framework in Frameworks */ = {isa = PBXBuildFile; fileRef = 034F742C29C7276900CFD4E9 /* AdServices.framework */; };
		034F742F29C727D800CFD4E9 /* AppDelegate.swift in Sources */ = {isa = PBXBuildFile; fileRef = 034F742E29C727D800CFD4E9 /* AppDelegate.swift */; };
/* End PBXBuildFile section */

/* Begin PBXContainerItemProxy section */
		034F73FC29C71E5E00CFD4E9 /* PBXContainerItemProxy */ = {
			isa = PBXContainerItemProxy;
			containerPortal = 034F73E329C71E5D00CFD4E9 /* Project object */;
			proxyType = 1;
			remoteGlobalIDString = 034F73EA29C71E5D00CFD4E9;
			remoteInfo = "Support iOS";
		};
		034F740629C71E5E00CFD4E9 /* PBXContainerItemProxy */ = {
			isa = PBXContainerItemProxy;
			containerPortal = 034F73E329C71E5D00CFD4E9 /* Project object */;
			proxyType = 1;
			remoteGlobalIDString = 034F73EA29C71E5D00CFD4E9;
			remoteInfo = "Support iOS";
		};
/* End PBXContainerItemProxy section */

/* Begin PBXFileReference section */
		034F73EB29C71E5D00CFD4E9 /* Support iOS.app */ = {isa = PBXFileReference; explicitFileType = wrapper.application; includeInIndex = 0; path = "Support iOS.app"; sourceTree = BUILT_PRODUCTS_DIR; };
		034F73EE29C71E5D00CFD4E9 /* Support_iOSApp.swift */ = {isa = PBXFileReference; lastKnownFileType = sourcecode.swift; path = Support_iOSApp.swift; sourceTree = "<group>"; };
		034F73F029C71E5D00CFD4E9 /* ContentView.swift */ = {isa = PBXFileReference; lastKnownFileType = sourcecode.swift; path = ContentView.swift; sourceTree = "<group>"; };
		034F73F229C71E5E00CFD4E9 /* Assets.xcassets */ = {isa = PBXFileReference; lastKnownFileType = folder.assetcatalog; path = Assets.xcassets; sourceTree = "<group>"; };
		034F73F529C71E5E00CFD4E9 /* Preview Assets.xcassets */ = {isa = PBXFileReference; lastKnownFileType = folder.assetcatalog; path = "Preview Assets.xcassets"; sourceTree = "<group>"; };
		034F73FB29C71E5E00CFD4E9 /* Support iOSTests.xctest */ = {isa = PBXFileReference; explicitFileType = wrapper.cfbundle; includeInIndex = 0; path = "Support iOSTests.xctest"; sourceTree = BUILT_PRODUCTS_DIR; };
		034F73FF29C71E5E00CFD4E9 /* Support_iOSTests.swift */ = {isa = PBXFileReference; lastKnownFileType = sourcecode.swift; path = Support_iOSTests.swift; sourceTree = "<group>"; };
		034F740529C71E5E00CFD4E9 /* Support iOSUITests.xctest */ = {isa = PBXFileReference; explicitFileType = wrapper.cfbundle; includeInIndex = 0; path = "Support iOSUITests.xctest"; sourceTree = BUILT_PRODUCTS_DIR; };
		034F740929C71E5E00CFD4E9 /* Support_iOSUITests.swift */ = {isa = PBXFileReference; lastKnownFileType = sourcecode.swift; path = Support_iOSUITests.swift; sourceTree = "<group>"; };
		034F740B29C71E5E00CFD4E9 /* Support_iOSUITestsLaunchTests.swift */ = {isa = PBXFileReference; lastKnownFileType = sourcecode.swift; path = Support_iOSUITestsLaunchTests.swift; sourceTree = "<group>"; };
		034F741829C71F5600CFD4E9 /* Support iOS.entitlements */ = {isa = PBXFileReference; lastKnownFileType = text.plist.entitlements; path = "Support iOS.entitlements"; sourceTree = "<group>"; };
		034F741929C7220F00CFD4E9 /* Support-iOS-Info.plist */ = {isa = PBXFileReference; lastKnownFileType = text.plist; path = "Support-iOS-Info.plist"; sourceTree = SOURCE_ROOT; };
		034F741E29C7272F00CFD4E9 /* iAd.framework */ = {isa = PBXFileReference; lastKnownFileType = wrapper.framework; name = iAd.framework; path = System/Library/Frameworks/iAd.framework; sourceTree = SDKROOT; };
		034F742029C7273800CFD4E9 /* WebKit.framework */ = {isa = PBXFileReference; lastKnownFileType = wrapper.framework; name = WebKit.framework; path = System/Library/Frameworks/WebKit.framework; sourceTree = SDKROOT; };
		034F742229C7274000CFD4E9 /* CoreTelephony.framework */ = {isa = PBXFileReference; lastKnownFileType = wrapper.framework; name = CoreTelephony.framework; path = System/Library/Frameworks/CoreTelephony.framework; sourceTree = SDKROOT; };
		034F742429C7274C00CFD4E9 /* CoreSpotlight.framework */ = {isa = PBXFileReference; lastKnownFileType = wrapper.framework; name = CoreSpotlight.framework; path = System/Library/Frameworks/CoreSpotlight.framework; sourceTree = SDKROOT; };
		034F742629C7275400CFD4E9 /* SystemConfiguration.framework */ = {isa = PBXFileReference; lastKnownFileType = wrapper.framework; name = SystemConfiguration.framework; path = System/Library/Frameworks/SystemConfiguration.framework; sourceTree = SDKROOT; };
		034F742829C7275C00CFD4E9 /* CoreServices.framework */ = {isa = PBXFileReference; lastKnownFileType = wrapper.framework; name = CoreServices.framework; path = System/Library/Frameworks/CoreServices.framework; sourceTree = SDKROOT; };
		034F742A29C7276400CFD4E9 /* AdSupport.framework */ = {isa = PBXFileReference; lastKnownFileType = wrapper.framework; name = AdSupport.framework; path = System/Library/Frameworks/AdSupport.framework; sourceTree = SDKROOT; };
		034F742C29C7276900CFD4E9 /* AdServices.framework */ = {isa = PBXFileReference; lastKnownFileType = wrapper.framework; name = AdServices.framework; path = System/Library/Frameworks/AdServices.framework; sourceTree = SDKROOT; };
		034F742E29C727D800CFD4E9 /* AppDelegate.swift */ = {isa = PBXFileReference; lastKnownFileType = sourcecode.swift; path = AppDelegate.swift; sourceTree = "<group>"; };
/* End PBXFileReference section */

/* Begin PBXFrameworksBuildPhase section */
		034F73E829C71E5D00CFD4E9 /* Frameworks */ = {
			isa = PBXFrameworksBuildPhase;
			buildActionMask = 2147483647;
			files = (
				034F742D29C7276900CFD4E9 /* AdServices.framework in Frameworks */,
				034F742B29C7276400CFD4E9 /* AdSupport.framework in Frameworks */,
				034F742929C7275C00CFD4E9 /* CoreServices.framework in Frameworks */,
				034F742729C7275400CFD4E9 /* SystemConfiguration.framework in Frameworks */,
				034F742529C7274C00CFD4E9 /* CoreSpotlight.framework in Frameworks */,
				034F742329C7274000CFD4E9 /* CoreTelephony.framework in Frameworks */,
				034F742129C7273800CFD4E9 /* WebKit.framework in Frameworks */,
				034F741F29C7272F00CFD4E9 /* iAd.framework in Frameworks */,
				034F741C29C726AC00CFD4E9 /* BranchSDK in Frameworks */,
			);
			runOnlyForDeploymentPostprocessing = 0;
		};
		034F73F829C71E5E00CFD4E9 /* Frameworks */ = {
			isa = PBXFrameworksBuildPhase;
			buildActionMask = 2147483647;
			files = (
			);
			runOnlyForDeploymentPostprocessing = 0;
		};
		034F740229C71E5E00CFD4E9 /* Frameworks */ = {
			isa = PBXFrameworksBuildPhase;
			buildActionMask = 2147483647;
			files = (
			);
			runOnlyForDeploymentPostprocessing = 0;
		};
/* End PBXFrameworksBuildPhase section */

/* Begin PBXGroup section */
		034F73E229C71E5D00CFD4E9 = {
			isa = PBXGroup;
			children = (
				034F73ED29C71E5D00CFD4E9 /* Support iOS */,
				034F73FE29C71E5E00CFD4E9 /* Support iOSTests */,
				034F740829C71E5E00CFD4E9 /* Support iOSUITests */,
				034F73EC29C71E5D00CFD4E9 /* Products */,
				034F741D29C7272F00CFD4E9 /* Frameworks */,
			);
			sourceTree = "<group>";
		};
		034F73EC29C71E5D00CFD4E9 /* Products */ = {
			isa = PBXGroup;
			children = (
				034F73EB29C71E5D00CFD4E9 /* Support iOS.app */,
				034F73FB29C71E5E00CFD4E9 /* Support iOSTests.xctest */,
				034F740529C71E5E00CFD4E9 /* Support iOSUITests.xctest */,
			);
			name = Products;
			sourceTree = "<group>";
		};
		034F73ED29C71E5D00CFD4E9 /* Support iOS */ = {
			isa = PBXGroup;
			children = (
				034F741929C7220F00CFD4E9 /* Support-iOS-Info.plist */,
				034F741829C71F5600CFD4E9 /* Support iOS.entitlements */,
				034F73EE29C71E5D00CFD4E9 /* Support_iOSApp.swift */,
				034F73F029C71E5D00CFD4E9 /* ContentView.swift */,
				034F73F229C71E5E00CFD4E9 /* Assets.xcassets */,
				034F73F429C71E5E00CFD4E9 /* Preview Content */,
				034F742E29C727D800CFD4E9 /* AppDelegate.swift */,
			);
			path = "Support iOS";
			sourceTree = "<group>";
		};
		034F73F429C71E5E00CFD4E9 /* Preview Content */ = {
			isa = PBXGroup;
			children = (
				034F73F529C71E5E00CFD4E9 /* Preview Assets.xcassets */,
			);
			path = "Preview Content";
			sourceTree = "<group>";
		};
		034F73FE29C71E5E00CFD4E9 /* Support iOSTests */ = {
			isa = PBXGroup;
			children = (
				034F73FF29C71E5E00CFD4E9 /* Support_iOSTests.swift */,
			);
			path = "Support iOSTests";
			sourceTree = "<group>";
		};
		034F740829C71E5E00CFD4E9 /* Support iOSUITests */ = {
			isa = PBXGroup;
			children = (
				034F740929C71E5E00CFD4E9 /* Support_iOSUITests.swift */,
				034F740B29C71E5E00CFD4E9 /* Support_iOSUITestsLaunchTests.swift */,
			);
			path = "Support iOSUITests";
			sourceTree = "<group>";
		};
		034F741D29C7272F00CFD4E9 /* Frameworks */ = {
			isa = PBXGroup;
			children = (
				034F742C29C7276900CFD4E9 /* AdServices.framework */,
				034F742A29C7276400CFD4E9 /* AdSupport.framework */,
				034F742829C7275C00CFD4E9 /* CoreServices.framework */,
				034F742629C7275400CFD4E9 /* SystemConfiguration.framework */,
				034F742429C7274C00CFD4E9 /* CoreSpotlight.framework */,
				034F742229C7274000CFD4E9 /* CoreTelephony.framework */,
				034F742029C7273800CFD4E9 /* WebKit.framework */,
				034F741E29C7272F00CFD4E9 /* iAd.framework */,
			);
			name = Frameworks;
			sourceTree = "<group>";
		};
/* End PBXGroup section */

/* Begin PBXNativeTarget section */
		034F73EA29C71E5D00CFD4E9 /* Support iOS */ = {
			isa = PBXNativeTarget;
			buildConfigurationList = 034F740F29C71E5E00CFD4E9 /* Build configuration list for PBXNativeTarget "Support iOS" */;
			buildPhases = (
				034F73E729C71E5D00CFD4E9 /* Sources */,
				034F73E829C71E5D00CFD4E9 /* Frameworks */,
				034F73E929C71E5D00CFD4E9 /* Resources */,
			);
			buildRules = (
			);
			dependencies = (
			);
			name = "Support iOS";
			packageProductDependencies = (
				034F741B29C726AC00CFD4E9 /* BranchSDK */,
			);
			productName = "Support iOS";
			productReference = 034F73EB29C71E5D00CFD4E9 /* Support iOS.app */;
			productType = "com.apple.product-type.application";
		};
		034F73FA29C71E5E00CFD4E9 /* Support iOSTests */ = {
			isa = PBXNativeTarget;
			buildConfigurationList = 034F741229C71E5E00CFD4E9 /* Build configuration list for PBXNativeTarget "Support iOSTests" */;
			buildPhases = (
				034F73F729C71E5E00CFD4E9 /* Sources */,
				034F73F829C71E5E00CFD4E9 /* Frameworks */,
				034F73F929C71E5E00CFD4E9 /* Resources */,
			);
			buildRules = (
			);
			dependencies = (
				034F73FD29C71E5E00CFD4E9 /* PBXTargetDependency */,
			);
			name = "Support iOSTests";
			productName = "Support iOSTests";
			productReference = 034F73FB29C71E5E00CFD4E9 /* Support iOSTests.xctest */;
			productType = "com.apple.product-type.bundle.unit-test";
		};
		034F740429C71E5E00CFD4E9 /* Support iOSUITests */ = {
			isa = PBXNativeTarget;
			buildConfigurationList = 034F741529C71E5E00CFD4E9 /* Build configuration list for PBXNativeTarget "Support iOSUITests" */;
			buildPhases = (
				034F740129C71E5E00CFD4E9 /* Sources */,
				034F740229C71E5E00CFD4E9 /* Frameworks */,
				034F740329C71E5E00CFD4E9 /* Resources */,
			);
			buildRules = (
			);
			dependencies = (
				034F740729C71E5E00CFD4E9 /* PBXTargetDependency */,
			);
			name = "Support iOSUITests";
			productName = "Support iOSUITests";
			productReference = 034F740529C71E5E00CFD4E9 /* Support iOSUITests.xctest */;
			productType = "com.apple.product-type.bundle.ui-testing";
		};
/* End PBXNativeTarget section */

/* Begin PBXProject section */
		034F73E329C71E5D00CFD4E9 /* Project object */ = {
			isa = PBXProject;
			attributes = {
				BuildIndependentTargetsInParallel = 1;
				LastSwiftUpdateCheck = 1340;
				LastUpgradeCheck = 1340;
				TargetAttributes = {
					034F73EA29C71E5D00CFD4E9 = {
						CreatedOnToolsVersion = 13.4.1;
					};
					034F73FA29C71E5E00CFD4E9 = {
						CreatedOnToolsVersion = 13.4.1;
						TestTargetID = 034F73EA29C71E5D00CFD4E9;
					};
					034F740429C71E5E00CFD4E9 = {
						CreatedOnToolsVersion = 13.4.1;
						TestTargetID = 034F73EA29C71E5D00CFD4E9;
					};
				};
			};
			buildConfigurationList = 034F73E629C71E5D00CFD4E9 /* Build configuration list for PBXProject "Support iOS" */;
			compatibilityVersion = "Xcode 13.0";
			developmentRegion = en;
			hasScannedForEncodings = 0;
			knownRegions = (
				en,
				Base,
			);
			mainGroup = 034F73E229C71E5D00CFD4E9;
			packageReferences = (
				034F741A29C726AC00CFD4E9 /* XCRemoteSwiftPackageReference "ios-branch-sdk-spm" */,
			);
			productRefGroup = 034F73EC29C71E5D00CFD4E9 /* Products */;
			projectDirPath = "";
			projectRoot = "";
			targets = (
				034F73EA29C71E5D00CFD4E9 /* Support iOS */,
				034F73FA29C71E5E00CFD4E9 /* Support iOSTests */,
				034F740429C71E5E00CFD4E9 /* Support iOSUITests */,
			);
		};
/* End PBXProject section */

/* Begin PBXResourcesBuildPhase section */
		034F73E929C71E5D00CFD4E9 /* Resources */ = {
			isa = PBXResourcesBuildPhase;
			buildActionMask = 2147483647;
			files = (
				034F73F629C71E5E00CFD4E9 /* Preview Assets.xcassets in Resources */,
				034F73F329C71E5E00CFD4E9 /* Assets.xcassets in Resources */,
			);
			runOnlyForDeploymentPostprocessing = 0;
		};
		034F73F929C71E5E00CFD4E9 /* Resources */ = {
			isa = PBXResourcesBuildPhase;
			buildActionMask = 2147483647;
			files = (
			);
			runOnlyForDeploymentPostprocessing = 0;
		};
		034F740329C71E5E00CFD4E9 /* Resources */ = {
			isa = PBXResourcesBuildPhase;
			buildActionMask = 2147483647;
			files = (
			);
			runOnlyForDeploymentPostprocessing = 0;
		};
/* End PBXResourcesBuildPhase section */

/* Begin PBXSourcesBuildPhase section */
		034F73E729C71E5D00CFD4E9 /* Sources */ = {
			isa = PBXSourcesBuildPhase;
			buildActionMask = 2147483647;
			files = (
				034F742F29C727D800CFD4E9 /* AppDelegate.swift in Sources */,
				034F73F129C71E5D00CFD4E9 /* ContentView.swift in Sources */,
				034F73EF29C71E5D00CFD4E9 /* Support_iOSApp.swift in Sources */,
			);
			runOnlyForDeploymentPostprocessing = 0;
		};
		034F73F729C71E5E00CFD4E9 /* Sources */ = {
			isa = PBXSourcesBuildPhase;
			buildActionMask = 2147483647;
			files = (
				034F740029C71E5E00CFD4E9 /* Support_iOSTests.swift in Sources */,
			);
			runOnlyForDeploymentPostprocessing = 0;
		};
		034F740129C71E5E00CFD4E9 /* Sources */ = {
			isa = PBXSourcesBuildPhase;
			buildActionMask = 2147483647;
			files = (
				034F740C29C71E5E00CFD4E9 /* Support_iOSUITestsLaunchTests.swift in Sources */,
				034F740A29C71E5E00CFD4E9 /* Support_iOSUITests.swift in Sources */,
			);
			runOnlyForDeploymentPostprocessing = 0;
		};
/* End PBXSourcesBuildPhase section */

/* Begin PBXTargetDependency section */
		034F73FD29C71E5E00CFD4E9 /* PBXTargetDependency */ = {
			isa = PBXTargetDependency;
			target = 034F73EA29C71E5D00CFD4E9 /* Support iOS */;
			targetProxy = 034F73FC29C71E5E00CFD4E9 /* PBXContainerItemProxy */;
		};
		034F740729C71E5E00CFD4E9 /* PBXTargetDependency */ = {
			isa = PBXTargetDependency;
			target = 034F73EA29C71E5D00CFD4E9 /* Support iOS */;
			targetProxy = 034F740629C71E5E00CFD4E9 /* PBXContainerItemProxy */;
		};
/* End PBXTargetDependency section */

/* Begin XCBuildConfiguration section */
		034F740D29C71E5E00CFD4E9 /* Debug */ = {
			isa = XCBuildConfiguration;
			buildSettings = {
				ALWAYS_SEARCH_USER_PATHS = NO;
				CLANG_ANALYZER_NONNULL = YES;
				CLANG_ANALYZER_NUMBER_OBJECT_CONVERSION = YES_AGGRESSIVE;
				CLANG_CXX_LANGUAGE_STANDARD = "gnu++17";
				CLANG_ENABLE_MODULES = YES;
				CLANG_ENABLE_OBJC_ARC = YES;
				CLANG_ENABLE_OBJC_WEAK = YES;
				CLANG_WARN_BLOCK_CAPTURE_AUTORELEASING = YES;
				CLANG_WARN_BOOL_CONVERSION = YES;
				CLANG_WARN_COMMA = YES;
				CLANG_WARN_CONSTANT_CONVERSION = YES;
				CLANG_WARN_DEPRECATED_OBJC_IMPLEMENTATIONS = YES;
				CLANG_WARN_DIRECT_OBJC_ISA_USAGE = YES_ERROR;
				CLANG_WARN_DOCUMENTATION_COMMENTS = YES;
				CLANG_WARN_EMPTY_BODY = YES;
				CLANG_WARN_ENUM_CONVERSION = YES;
				CLANG_WARN_INFINITE_RECURSION = YES;
				CLANG_WARN_INT_CONVERSION = YES;
				CLANG_WARN_NON_LITERAL_NULL_CONVERSION = YES;
				CLANG_WARN_OBJC_IMPLICIT_RETAIN_SELF = YES;
				CLANG_WARN_OBJC_LITERAL_CONVERSION = YES;
				CLANG_WARN_OBJC_ROOT_CLASS = YES_ERROR;
				CLANG_WARN_QUOTED_INCLUDE_IN_FRAMEWORK_HEADER = YES;
				CLANG_WARN_RANGE_LOOP_ANALYSIS = YES;
				CLANG_WARN_STRICT_PROTOTYPES = YES;
				CLANG_WARN_SUSPICIOUS_MOVE = YES;
				CLANG_WARN_UNGUARDED_AVAILABILITY = YES_AGGRESSIVE;
				CLANG_WARN_UNREACHABLE_CODE = YES;
				CLANG_WARN__DUPLICATE_METHOD_MATCH = YES;
				COPY_PHASE_STRIP = NO;
				DEBUG_INFORMATION_FORMAT = dwarf;
				ENABLE_STRICT_OBJC_MSGSEND = YES;
				ENABLE_TESTABILITY = YES;
				GCC_C_LANGUAGE_STANDARD = gnu11;
				GCC_DYNAMIC_NO_PIC = NO;
				GCC_NO_COMMON_BLOCKS = YES;
				GCC_OPTIMIZATION_LEVEL = 0;
				GCC_PREPROCESSOR_DEFINITIONS = (
					"DEBUG=1",
					"$(inherited)",
				);
				GCC_WARN_64_TO_32_BIT_CONVERSION = YES;
				GCC_WARN_ABOUT_RETURN_TYPE = YES_ERROR;
				GCC_WARN_UNDECLARED_SELECTOR = YES;
				GCC_WARN_UNINITIALIZED_AUTOS = YES_AGGRESSIVE;
				GCC_WARN_UNUSED_FUNCTION = YES;
				GCC_WARN_UNUSED_VARIABLE = YES;
				IPHONEOS_DEPLOYMENT_TARGET = 15.5;
				MTL_ENABLE_DEBUG_INFO = INCLUDE_SOURCE;
				MTL_FAST_MATH = YES;
				ONLY_ACTIVE_ARCH = YES;
				SDKROOT = iphoneos;
				SWIFT_ACTIVE_COMPILATION_CONDITIONS = DEBUG;
				SWIFT_OPTIMIZATION_LEVEL = "-Onone";
			};
			name = Debug;
		};
		034F740E29C71E5E00CFD4E9 /* Release */ = {
			isa = XCBuildConfiguration;
			buildSettings = {
				ALWAYS_SEARCH_USER_PATHS = NO;
				CLANG_ANALYZER_NONNULL = YES;
				CLANG_ANALYZER_NUMBER_OBJECT_CONVERSION = YES_AGGRESSIVE;
				CLANG_CXX_LANGUAGE_STANDARD = "gnu++17";
				CLANG_ENABLE_MODULES = YES;
				CLANG_ENABLE_OBJC_ARC = YES;
				CLANG_ENABLE_OBJC_WEAK = YES;
				CLANG_WARN_BLOCK_CAPTURE_AUTORELEASING = YES;
				CLANG_WARN_BOOL_CONVERSION = YES;
				CLANG_WARN_COMMA = YES;
				CLANG_WARN_CONSTANT_CONVERSION = YES;
				CLANG_WARN_DEPRECATED_OBJC_IMPLEMENTATIONS = YES;
				CLANG_WARN_DIRECT_OBJC_ISA_USAGE = YES_ERROR;
				CLANG_WARN_DOCUMENTATION_COMMENTS = YES;
				CLANG_WARN_EMPTY_BODY = YES;
				CLANG_WARN_ENUM_CONVERSION = YES;
				CLANG_WARN_INFINITE_RECURSION = YES;
				CLANG_WARN_INT_CONVERSION = YES;
				CLANG_WARN_NON_LITERAL_NULL_CONVERSION = YES;
				CLANG_WARN_OBJC_IMPLICIT_RETAIN_SELF = YES;
				CLANG_WARN_OBJC_LITERAL_CONVERSION = YES;
				CLANG_WARN_OBJC_ROOT_CLASS = YES_ERROR;
				CLANG_WARN_QUOTED_INCLUDE_IN_FRAMEWORK_HEADER = YES;
				CLANG_WARN_RANGE_LOOP_ANALYSIS = YES;
				CLANG_WARN_STRICT_PROTOTYPES = YES;
				CLANG_WARN_SUSPICIOUS_MOVE = YES;
				CLANG_WARN_UNGUARDED_AVAILABILITY = YES_AGGRESSIVE;
				CLANG_WARN_UNREACHABLE_CODE = YES;
				CLANG_WARN__DUPLICATE_METHOD_MATCH = YES;
				COPY_PHASE_STRIP = NO;
				DEBUG_INFORMATION_FORMAT = "dwarf-with-dsym";
				ENABLE_NS_ASSERTIONS = NO;
				ENABLE_STRICT_OBJC_MSGSEND = YES;
				GCC_C_LANGUAGE_STANDARD = gnu11;
				GCC_NO_COMMON_BLOCKS = YES;
				GCC_WARN_64_TO_32_BIT_CONVERSION = YES;
				GCC_WARN_ABOUT_RETURN_TYPE = YES_ERROR;
				GCC_WARN_UNDECLARED_SELECTOR = YES;
				GCC_WARN_UNINITIALIZED_AUTOS = YES_AGGRESSIVE;
				GCC_WARN_UNUSED_FUNCTION = YES;
				GCC_WARN_UNUSED_VARIABLE = YES;
				IPHONEOS_DEPLOYMENT_TARGET = 15.5;
				MTL_ENABLE_DEBUG_INFO = NO;
				MTL_FAST_MATH = YES;
				SDKROOT = iphoneos;
				SWIFT_COMPILATION_MODE = wholemodule;
				SWIFT_OPTIMIZATION_LEVEL = "-O";
				VALIDATE_PRODUCT = YES;
			};
			name = Release;
		};
		034F741029C71E5E00CFD4E9 /* Debug */ = {
			isa = XCBuildConfiguration;
			buildSettings = {
				ASSETCATALOG_COMPILER_APPICON_NAME = AppIcon;
				ASSETCATALOG_COMPILER_GLOBAL_ACCENT_COLOR_NAME = AccentColor;
				CODE_SIGN_ENTITLEMENTS = "Support iOS/Support iOS.entitlements";
				CODE_SIGN_STYLE = Automatic;
				CURRENT_PROJECT_VERSION = 1;
				DEVELOPMENT_ASSET_PATHS = "\"Support iOS/Preview Content\"";
				DEVELOPMENT_TEAM = R63EM248DP;
				ENABLE_PREVIEWS = YES;
				GENERATE_INFOPLIST_FILE = YES;
				INFOPLIST_FILE = "Support-iOS-Info.plist";
				INFOPLIST_KEY_UIApplicationSceneManifest_Generation = YES;
				INFOPLIST_KEY_UIApplicationSupportsIndirectInputEvents = YES;
				INFOPLIST_KEY_UILaunchScreen_Generation = YES;
				INFOPLIST_KEY_UISupportedInterfaceOrientations_iPad = "UIInterfaceOrientationPortrait UIInterfaceOrientationPortraitUpsideDown UIInterfaceOrientationLandscapeLeft UIInterfaceOrientationLandscapeRight";
				INFOPLIST_KEY_UISupportedInterfaceOrientations_iPhone = "UIInterfaceOrientationPortrait UIInterfaceOrientationLandscapeLeft UIInterfaceOrientationLandscapeRight";
				LD_RUNPATH_SEARCH_PATHS = (
					"$(inherited)",
					"@executable_path/Frameworks",
				);
				MARKETING_VERSION = 1.0;
				PRODUCT_BUNDLE_IDENTIFIER = "anshad.Support-iOS";
				PRODUCT_NAME = "$(TARGET_NAME)";
				SWIFT_EMIT_LOC_STRINGS = YES;
				SWIFT_VERSION = 5.0;
				TARGETED_DEVICE_FAMILY = "1,2";
			};
			name = Debug;
		};
		034F741129C71E5E00CFD4E9 /* Release */ = {
			isa = XCBuildConfiguration;
			buildSettings = {
				ASSETCATALOG_COMPILER_APPICON_NAME = AppIcon;
				ASSETCATALOG_COMPILER_GLOBAL_ACCENT_COLOR_NAME = AccentColor;
				CODE_SIGN_ENTITLEMENTS = "Support iOS/Support iOS.entitlements";
				CODE_SIGN_STYLE = Automatic;
				CURRENT_PROJECT_VERSION = 1;
				DEVELOPMENT_ASSET_PATHS = "\"Support iOS/Preview Content\"";
				DEVELOPMENT_TEAM = R63EM248DP;
				ENABLE_PREVIEWS = YES;
				GENERATE_INFOPLIST_FILE = YES;
				INFOPLIST_FILE = "Support-iOS-Info.plist";
				INFOPLIST_KEY_UIApplicationSceneManifest_Generation = YES;
				INFOPLIST_KEY_UIApplicationSupportsIndirectInputEvents = YES;
				INFOPLIST_KEY_UILaunchScreen_Generation = YES;
				INFOPLIST_KEY_UISupportedInterfaceOrientations_iPad = "UIInterfaceOrientationPortrait UIInterfaceOrientationPortraitUpsideDown UIInterfaceOrientationLandscapeLeft UIInterfaceOrientationLandscapeRight";
				INFOPLIST_KEY_UISupportedInterfaceOrientations_iPhone = "UIInterfaceOrientationPortrait UIInterfaceOrientationLandscapeLeft UIInterfaceOrientationLandscapeRight";
				LD_RUNPATH_SEARCH_PATHS = (
					"$(inherited)",
					"@executable_path/Frameworks",
				);
				MARKETING_VERSION = 1.0;
				PRODUCT_BUNDLE_IDENTIFIER = "anshad.Support-iOS";
				PRODUCT_NAME = "$(TARGET_NAME)";
				SWIFT_EMIT_LOC_STRINGS = YES;
				SWIFT_VERSION = 5.0;
				TARGETED_DEVICE_FAMILY = "1,2";
			};
			name = Release;
		};
		034F741329C71E5E00CFD4E9 /* Debug */ = {
			isa = XCBuildConfiguration;
			buildSettings = {
				ALWAYS_EMBED_SWIFT_STANDARD_LIBRARIES = YES;
				BUNDLE_LOADER = "$(TEST_HOST)";
				CODE_SIGN_STYLE = Automatic;
				CURRENT_PROJECT_VERSION = 1;
				DEVELOPMENT_TEAM = R63EM248DP;
				GENERATE_INFOPLIST_FILE = YES;
				IPHONEOS_DEPLOYMENT_TARGET = 15.5;
				MARKETING_VERSION = 1.0;
				PRODUCT_BUNDLE_IDENTIFIER = "anshad.Support-iOSTests";
				PRODUCT_NAME = "$(TARGET_NAME)";
				SWIFT_EMIT_LOC_STRINGS = NO;
				SWIFT_VERSION = 5.0;
				TARGETED_DEVICE_FAMILY = "1,2";
				TEST_HOST = "$(BUILT_PRODUCTS_DIR)/Support iOS.app/Support iOS";
			};
			name = Debug;
		};
		034F741429C71E5E00CFD4E9 /* Release */ = {
			isa = XCBuildConfiguration;
			buildSettings = {
				ALWAYS_EMBED_SWIFT_STANDARD_LIBRARIES = YES;
				BUNDLE_LOADER = "$(TEST_HOST)";
				CODE_SIGN_STYLE = Automatic;
				CURRENT_PROJECT_VERSION = 1;
				DEVELOPMENT_TEAM = R63EM248DP;
				GENERATE_INFOPLIST_FILE = YES;
				IPHONEOS_DEPLOYMENT_TARGET = 15.5;
				MARKETING_VERSION = 1.0;
				PRODUCT_BUNDLE_IDENTIFIER = "anshad.Support-iOSTests";
				PRODUCT_NAME = "$(TARGET_NAME)";
				SWIFT_EMIT_LOC_STRINGS = NO;
				SWIFT_VERSION = 5.0;
				TARGETED_DEVICE_FAMILY = "1,2";
				TEST_HOST = "$(BUILT_PRODUCTS_DIR)/Support iOS.app/Support iOS";
			};
			name = Release;
		};
		034F741629C71E5E00CFD4E9 /* Debug */ = {
			isa = XCBuildConfiguration;
			buildSettings = {
				ALWAYS_EMBED_SWIFT_STANDARD_LIBRARIES = YES;
				CODE_SIGN_STYLE = Automatic;
				CURRENT_PROJECT_VERSION = 1;
				DEVELOPMENT_TEAM = R63EM248DP;
				GENERATE_INFOPLIST_FILE = YES;
				MARKETING_VERSION = 1.0;
				PRODUCT_BUNDLE_IDENTIFIER = "anshad.Support-iOSUITests";
				PRODUCT_NAME = "$(TARGET_NAME)";
				SWIFT_EMIT_LOC_STRINGS = NO;
				SWIFT_VERSION = 5.0;
				TARGETED_DEVICE_FAMILY = "1,2";
				TEST_TARGET_NAME = "Support iOS";
			};
			name = Debug;
		};
		034F741729C71E5E00CFD4E9 /* Release */ = {
			isa = XCBuildConfiguration;
			buildSettings = {
				ALWAYS_EMBED_SWIFT_STANDARD_LIBRARIES = YES;
				CODE_SIGN_STYLE = Automatic;
				CURRENT_PROJECT_VERSION = 1;
				DEVELOPMENT_TEAM = R63EM248DP;
				GENERATE_INFOPLIST_FILE = YES;
				MARKETING_VERSION = 1.0;
				PRODUCT_BUNDLE_IDENTIFIER = "anshad.Support-iOSUITests";
				PRODUCT_NAME = "$(TARGET_NAME)";
				SWIFT_EMIT_LOC_STRINGS = NO;
				SWIFT_VERSION = 5.0;
				TARGETED_DEVICE_FAMILY = "1,2";
				TEST_TARGET_NAME = "Support iOS";
			};
			name = Release;
		};
/* End XCBuildConfiguration section */

/* Begin XCConfigurationList section */
		034F73E629C71E5D00CFD4E9 /* Build configuration list for PBXProject "Support iOS" */ = {
			isa = XCConfigurationList;
			buildConfigurations = (
				034F740D29C71E5E00CFD4E9 /* Debug */,
				034F740E29C71E5E00CFD4E9 /* Release */,
			);
			defaultConfigurationIsVisible = 0;
			defaultConfigurationName = Release;
		};
		034F740F29C71E5E00CFD4E9 /* Build configuration list for PBXNativeTarget "Support iOS" */ = {
			isa = XCConfigurationList;
			buildConfigurations = (
				034F741029C71E5E00CFD4E9 /* Debug */,
				034F741129C71E5E00CFD4E9 /* Release */,
			);
			defaultConfigurationIsVisible = 0;
			defaultConfigurationName = Release;
		};
		034F741229C71E5E00CFD4E9 /* Build configuration list for PBXNativeTarget "Support iOSTests" */ = {
			isa = XCConfigurationList;
			buildConfigurations = (
				034F741329C71E5E00CFD4E9 /* Debug */,
				034F741429C71E5E00CFD4E9 /* Release */,
			);
			defaultConfigurationIsVisible = 0;
			defaultConfigurationName = Release;
		};
		034F741529C71E5E00CFD4E9 /* Build configuration list for PBXNativeTarget "Support iOSUITests" */ = {
			isa = XCConfigurationList;
			buildConfigurations = (
				034F741629C71E5E00CFD4E9 /* Debug */,
				034F741729C71E5E00CFD4E9 /* Release */,
			);
			defaultConfigurationIsVisible = 0;
			defaultConfigurationName = Release;
		};
/* End XCConfigurationList section */

/* Begin XCRemoteSwiftPackageReference section */
		034F741A29C726AC00CFD4E9 /* XCRemoteSwiftPackageReference "ios-branch-sdk-spm" */ = {
			isa = XCRemoteSwiftPackageReference;
			repositoryURL = "https://github.com/BranchMetrics/ios-branch-sdk-spm";
			requirement = {
				kind = upToNextMajorVersion;
				minimumVersion = 2.0.0;
			};
		};
/* End XCRemoteSwiftPackageReference section */

/* Begin XCSwiftPackageProductDependency section */
		034F741B29C726AC00CFD4E9 /* BranchSDK */ = {
			isa = XCSwiftPackageProductDependency;
			package = 034F741A29C726AC00CFD4E9 /* XCRemoteSwiftPackageReference "ios-branch-sdk-spm" */;
			productName = BranchSDK;
		};
/* End XCSwiftPackageProductDependency section */
	};
	rootObject = 034F73E329C71E5D00CFD4E9 /* Project object */;
}
